
Microsoft Visual Studio Solution File, Format Version 12.00
# Visual Studio Version 17
VisualStudioVersion = 17.4.33205.214
MinimumVisualStudioVersion = 10.0.40219.1
Project("{FAE04EC0-301F-11D3-BF4B-00C04F79EFBC}") = "Task15.6.6", "Task15.6.6\Task15.6.6.csproj", "{1492F55E-9489-4F5A-961F-3C44E0797497}"
EndProject
Global
	GlobalSection(SolutionConfigurationPlatforms) = preSolution
		Debug|Any CPU = Debug|Any CPU
		Release|Any CPU = Release|Any CPU
	EndGlobalSection
	GlobalSection(ProjectConfigurationPlatforms) = postSolution
		{1492F55E-9489-4F5A-961F-3C44E0797497}.Debug|Any CPU.ActiveCfg = Debug|Any CPU
		{1492F55E-9489-4F5A-961F-3C44E0797497}.Debug|Any CPU.Build.0 = Debug|Any CPU
		{1492F55E-9489-4F5A-961F-3C44E0797497}.Release|Any CPU.ActiveCfg = Release|Any CPU
		{1492F55E-9489-4F5A-961F-3C44E0797497}.Release|Any CPU.Build.0 = Release|Any CPU
	EndGlobalSection
	GlobalSection(SolutionProperties) = preSolution
		HideSolutionNode = FALSE
	EndGlobalSection
	GlobalSection(ExtensibilityGlobals) = postSolution
		SolutionGuid = {3AB441C7-D037-401F-BD14-5EFE4731E6D3}
	EndGlobalSection
EndGlobal
